
Microsoft Visual Studio Solution File, Format Version 12.00
# Visual Studio Version 17
VisualStudioVersion = 17.9.34616.47
MinimumVisualStudioVersion = 10.0.40219.1
Project("{FAE04EC0-301F-11D3-BF4B-00C04F79EFBC}") = "CookEco", "CookEco.csproj", "{73D78A84-147B-4C66-8F72-96C0088F6626}"
EndProject
Global
	GlobalSection(SolutionConfigurationPlatforms) = preSolution
		Debug|Any CPU = Debug|Any CPU
		Release|Any CPU = Release|Any CPU
	EndGlobalSection
	GlobalSection(ProjectConfigurationPlatforms) = postSolution
		{73D78A84-147B-4C66-8F72-96C0088F6626}.Debug|Any CPU.ActiveCfg = Debug|Any CPU
		{73D78A84-147B-4C66-8F72-96C0088F6626}.Debug|Any CPU.Build.0 = Debug|Any CPU
		{73D78A84-147B-4C66-8F72-96C0088F6626}.Debug|Any CPU.Deploy.0 = Debug|Any CPU
		{73D78A84-147B-4C66-8F72-96C0088F6626}.Release|Any CPU.ActiveCfg = Release|Any CPU
		{73D78A84-147B-4C66-8F72-96C0088F6626}.Release|Any CPU.Build.0 = Release|Any CPU
		{73D78A84-147B-4C66-8F72-96C0088F6626}.Release|Any CPU.Deploy.0 = Release|Any CPU
	EndGlobalSection
	GlobalSection(SolutionProperties) = preSolution
		HideSolutionNode = FALSE
	EndGlobalSection
	GlobalSection(ExtensibilityGlobals) = postSolution
		SolutionGuid = {851A1B91-158D-4FC1-9765-A8028D52C13C}
	EndGlobalSection
EndGlobal
