
Microsoft Visual Studio Solution File, Format Version 12.00
# Visual Studio Version 17
VisualStudioVersion = 17.9.34616.47
MinimumVisualStudioVersion = 10.0.40219.1
Project("{FAE04EC0-301F-11D3-BF4B-00C04F79EFBC}") = "Cookeco", "Cookeco.csproj", "{B3E4548E-6262-47AE-BB2E-49104357D907}"
EndProject
Global
	GlobalSection(SolutionConfigurationPlatforms) = preSolution
		Debug|Any CPU = Debug|Any CPU
		Release|Any CPU = Release|Any CPU
	EndGlobalSection
	GlobalSection(ProjectConfigurationPlatforms) = postSolution
		{B3E4548E-6262-47AE-BB2E-49104357D907}.Debug|Any CPU.ActiveCfg = Debug|Any CPU
		{B3E4548E-6262-47AE-BB2E-49104357D907}.Debug|Any CPU.Build.0 = Debug|Any CPU
		{B3E4548E-6262-47AE-BB2E-49104357D907}.Debug|Any CPU.Deploy.0 = Debug|Any CPU
		{B3E4548E-6262-47AE-BB2E-49104357D907}.Release|Any CPU.ActiveCfg = Release|Any CPU
		{B3E4548E-6262-47AE-BB2E-49104357D907}.Release|Any CPU.Build.0 = Release|Any CPU
		{B3E4548E-6262-47AE-BB2E-49104357D907}.Release|Any CPU.Deploy.0 = Release|Any CPU
	EndGlobalSection
	GlobalSection(SolutionProperties) = preSolution
		HideSolutionNode = FALSE
	EndGlobalSection
	GlobalSection(ExtensibilityGlobals) = postSolution
		SolutionGuid = {A923CA42-0E8C-4B0A-954F-E97D13DE04A9}
	EndGlobalSection
EndGlobal
